// !$*UTF8*$!
{
	archiveVersion = 1;
	classes = {
	};
	objectVersion = 46;
	objects = {

/* Begin PBXBuildFile section */
		3D1C1A9C1DDD48960095E2A9 /* bacKVO.swift in Sources */ = {isa = PBXBuildFile; fileRef = 3D1C1A9B1DDD48960095E2A9 /* bacKVO.swift */; };
		3D2026DA1DDBA4B2003987B4 /* SettingsVC.swift in Sources */ = {isa = PBXBuildFile; fileRef = 3D2026D91DDBA4B2003987B4 /* SettingsVC.swift */; };
		3D3F52EE1E0480C300AC6391 /* icon Set in Resources */ = {isa = PBXBuildFile; fileRef = 3D3F52ED1E0480C300AC6391 /* icon Set */; };
		3D4DC3651DD6AFB200FD6DC3 /* AppDelegate.swift in Sources */ = {isa = PBXBuildFile; fileRef = 3D4DC3641DD6AFB200FD6DC3 /* AppDelegate.swift */; };
		3D4DC36A1DD6AFB200FD6DC3 /* Main.storyboard in Resources */ = {isa = PBXBuildFile; fileRef = 3D4DC3681DD6AFB200FD6DC3 /* Main.storyboard */; };
		3D4DC36C1DD6AFB200FD6DC3 /* Assets.xcassets in Resources */ = {isa = PBXBuildFile; fileRef = 3D4DC36B1DD6AFB200FD6DC3 /* Assets.xcassets */; };
		3D4DC36F1DD6AFB200FD6DC3 /* LaunchScreen.storyboard in Resources */ = {isa = PBXBuildFile; fileRef = 3D4DC36D1DD6AFB200FD6DC3 /* LaunchScreen.storyboard */; };
		3D4DC37A1DD6AFB200FD6DC3 /* sobacTests.swift in Sources */ = {isa = PBXBuildFile; fileRef = 3D4DC3791DD6AFB200FD6DC3 /* sobacTests.swift */; };
		3D4DC3851DD6AFB200FD6DC3 /* sobacUITests.swift in Sources */ = {isa = PBXBuildFile; fileRef = 3D4DC3841DD6AFB200FD6DC3 /* sobacUITests.swift */; };
		3D4DC3931DD6B03300FD6DC3 /* CircleProgressView.swift in Sources */ = {isa = PBXBuildFile; fileRef = 3D4DC3921DD6B03300FD6DC3 /* CircleProgressView.swift */; };
		3D4DC3951DD6BEBA00FD6DC3 /* frontVC.swift in Sources */ = {isa = PBXBuildFile; fileRef = 3D4DC3941DD6BEBA00FD6DC3 /* frontVC.swift */; };
		3D4DC39B1DD90AB100FD6DC3 /* newBACButton.swift in Sources */ = {isa = PBXBuildFile; fileRef = 3D4DC39A1DD90AB100FD6DC3 /* newBACButton.swift */; };
		3D4DC39F1DD9263000FD6DC3 /* SearchVC.swift in Sources */ = {isa = PBXBuildFile; fileRef = 3D4DC39E1DD9263000FD6DC3 /* SearchVC.swift */; };
		3D4DC3A11DD9266200FD6DC3 /* CocktailTableVC.swift in Sources */ = {isa = PBXBuildFile; fileRef = 3D4DC3A01DD9266200FD6DC3 /* CocktailTableVC.swift */; };
		3D4DC3A31DD926B500FD6DC3 /* FriendTableVC.swift in Sources */ = {isa = PBXBuildFile; fileRef = 3D4DC3A21DD926B500FD6DC3 /* FriendTableVC.swift */; };
		3D4DC3A51DD926CD00FD6DC3 /* FriendCell.swift in Sources */ = {isa = PBXBuildFile; fileRef = 3D4DC3A41DD926CD00FD6DC3 /* FriendCell.swift */; };
		3D4DC3A71DD926DA00FD6DC3 /* CocktailCell.swift in Sources */ = {isa = PBXBuildFile; fileRef = 3D4DC3A61DD926DA00FD6DC3 /* CocktailCell.swift */; };
		3D4DC3AC1DD9275700FD6DC3 /* ManualAddVC.swift in Sources */ = {isa = PBXBuildFile; fileRef = 3D4DC3AB1DD9275700FD6DC3 /* ManualAddVC.swift */; };
		3D4DC3AE1DD9279900FD6DC3 /* BACtrackVC.swift in Sources */ = {isa = PBXBuildFile; fileRef = 3D4DC3AD1DD9279900FD6DC3 /* BACtrackVC.swift */; };
		3DADE1011DD96C3B0035AFD8 /* leftSegue.swift in Sources */ = {isa = PBXBuildFile; fileRef = 3DADE0FF1DD96C3B0035AFD8 /* leftSegue.swift */; };
		3DADE1021DD96C3B0035AFD8 /* rightSegue.swift in Sources */ = {isa = PBXBuildFile; fileRef = 3DADE1001DD96C3B0035AFD8 /* rightSegue.swift */; };
		3DCA43B41DD9670D00F78340 /* upSegue.swift in Sources */ = {isa = PBXBuildFile; fileRef = 3DCA43B31DD9670D00F78340 /* upSegue.swift */; };
		3DCA43B61DD9671600F78340 /* downSegue.swift in Sources */ = {isa = PBXBuildFile; fileRef = 3DCA43B51DD9671600F78340 /* downSegue.swift */; };
		3DDEF7191DDBCC1A00C19A06 /* BAC.swift in Sources */ = {isa = PBXBuildFile; fileRef = 3DDEF7181DDBCC1A00C19A06 /* BAC.swift */; };
		E84916361DDB82090092A025 /* DrinkDetailsViewController.swift in Sources */ = {isa = PBXBuildFile; fileRef = E84916351DDB82090092A025 /* DrinkDetailsViewController.swift */; };
		E84916381DDC020F0092A025 /* FriendRepository.swift in Sources */ = {isa = PBXBuildFile; fileRef = E84916371DDC020F0092A025 /* FriendRepository.swift */; };
		E849163A1DDC02180092A025 /* FriendClass.swift in Sources */ = {isa = PBXBuildFile; fileRef = E84916391DDC02180092A025 /* FriendClass.swift */; };
		E849163C1DDC02270092A025 /* FriendVC.swift in Sources */ = {isa = PBXBuildFile; fileRef = E849163B1DDC02270092A025 /* FriendVC.swift */; };
		E84916411DDC087E0092A025 /* drinks.swift in Sources */ = {isa = PBXBuildFile; fileRef = E84916401DDC087E0092A025 /* drinks.swift */; };
		E84916431DDC0F5E0092A025 /* TestOperation.swift in Sources */ = {isa = PBXBuildFile; fileRef = E84916421DDC0F5E0092A025 /* TestOperation.swift */; };
		E84916451DDC27370092A025 /* drinks.jpg in Resources */ = {isa = PBXBuildFile; fileRef = E84916441DDC27370092A025 /* drinks.jpg */; };
		E8E31BC71E08A6640059F085 /* DrewH.jpg in Resources */ = {isa = PBXBuildFile; fileRef = E8E31BC61E08A6640059F085 /* DrewH.jpg */; };
		E8E31BC91E08A6740059F085 /* NateH.jpg in Resources */ = {isa = PBXBuildFile; fileRef = E8E31BC81E08A6740059F085 /* NateH.jpg */; };
		E8E31BCB1E08A6900059F085 /* DanP.jpg in Resources */ = {isa = PBXBuildFile; fileRef = E8E31BCA1E08A6900059F085 /* DanP.jpg */; };
		E8E31BCD1E08AA140059F085 /* drinkCalculation.swift in Sources */ = {isa = PBXBuildFile; fileRef = E8E31BCC1E08AA140059F085 /* drinkCalculation.swift */; };
/* End PBXBuildFile section */

/* Begin PBXContainerItemProxy section */
		3D4DC3761DD6AFB200FD6DC3 /* PBXContainerItemProxy */ = {
			isa = PBXContainerItemProxy;
			containerPortal = 3D4DC3591DD6AFB100FD6DC3 /* Project object */;
			proxyType = 1;
			remoteGlobalIDString = 3D4DC3601DD6AFB100FD6DC3;
			remoteInfo = sobac;
		};
		3D4DC3811DD6AFB200FD6DC3 /* PBXContainerItemProxy */ = {
			isa = PBXContainerItemProxy;
			containerPortal = 3D4DC3591DD6AFB100FD6DC3 /* Project object */;
			proxyType = 1;
			remoteGlobalIDString = 3D4DC3601DD6AFB100FD6DC3;
			remoteInfo = sobac;
		};
/* End PBXContainerItemProxy section */

/* Begin PBXFileReference section */
		3D1C1A9B1DDD48960095E2A9 /* bacKVO.swift */ = {isa = PBXFileReference; fileEncoding = 4; lastKnownFileType = sourcecode.swift; path = bacKVO.swift; sourceTree = "<group>"; };
		3D2026D91DDBA4B2003987B4 /* SettingsVC.swift */ = {isa = PBXFileReference; fileEncoding = 4; lastKnownFileType = sourcecode.swift; path = SettingsVC.swift; sourceTree = "<group>"; };
		3D3F52ED1E0480C300AC6391 /* icon Set */ = {isa = PBXFileReference; lastKnownFileType = folder; path = "icon Set"; sourceTree = "<group>"; };
		3D4DC3611DD6AFB200FD6DC3 /* sobac.app */ = {isa = PBXFileReference; explicitFileType = wrapper.application; includeInIndex = 0; path = sobac.app; sourceTree = BUILT_PRODUCTS_DIR; };
		3D4DC3641DD6AFB200FD6DC3 /* AppDelegate.swift */ = {isa = PBXFileReference; lastKnownFileType = sourcecode.swift; path = AppDelegate.swift; sourceTree = "<group>"; };
		3D4DC3691DD6AFB200FD6DC3 /* Base */ = {isa = PBXFileReference; lastKnownFileType = file.storyboard; name = Base; path = Base.lproj/Main.storyboard; sourceTree = "<group>"; };
		3D4DC36B1DD6AFB200FD6DC3 /* Assets.xcassets */ = {isa = PBXFileReference; lastKnownFileType = folder.assetcatalog; path = Assets.xcassets; sourceTree = "<group>"; };
		3D4DC36E1DD6AFB200FD6DC3 /* Base */ = {isa = PBXFileReference; lastKnownFileType = file.storyboard; name = Base; path = Base.lproj/LaunchScreen.storyboard; sourceTree = "<group>"; };
		3D4DC3701DD6AFB200FD6DC3 /* Info.plist */ = {isa = PBXFileReference; lastKnownFileType = text.plist.xml; path = Info.plist; sourceTree = "<group>"; };
		3D4DC3751DD6AFB200FD6DC3 /* sobacTests.xctest */ = {isa = PBXFileReference; explicitFileType = wrapper.cfbundle; includeInIndex = 0; path = sobacTests.xctest; sourceTree = BUILT_PRODUCTS_DIR; };
		3D4DC3791DD6AFB200FD6DC3 /* sobacTests.swift */ = {isa = PBXFileReference; lastKnownFileType = sourcecode.swift; path = sobacTests.swift; sourceTree = "<group>"; };
		3D4DC37B1DD6AFB200FD6DC3 /* Info.plist */ = {isa = PBXFileReference; lastKnownFileType = text.plist.xml; path = Info.plist; sourceTree = "<group>"; };
		3D4DC3801DD6AFB200FD6DC3 /* sobacUITests.xctest */ = {isa = PBXFileReference; explicitFileType = wrapper.cfbundle; includeInIndex = 0; path = sobacUITests.xctest; sourceTree = BUILT_PRODUCTS_DIR; };
		3D4DC3841DD6AFB200FD6DC3 /* sobacUITests.swift */ = {isa = PBXFileReference; lastKnownFileType = sourcecode.swift; path = sobacUITests.swift; sourceTree = "<group>"; };
		3D4DC3861DD6AFB200FD6DC3 /* Info.plist */ = {isa = PBXFileReference; lastKnownFileType = text.plist.xml; path = Info.plist; sourceTree = "<group>"; };
		3D4DC3921DD6B03300FD6DC3 /* CircleProgressView.swift */ = {isa = PBXFileReference; fileEncoding = 4; lastKnownFileType = sourcecode.swift; path = CircleProgressView.swift; sourceTree = "<group>"; };
		3D4DC3941DD6BEBA00FD6DC3 /* frontVC.swift */ = {isa = PBXFileReference; fileEncoding = 4; lastKnownFileType = sourcecode.swift; path = frontVC.swift; sourceTree = "<group>"; };
		3D4DC39A1DD90AB100FD6DC3 /* newBACButton.swift */ = {isa = PBXFileReference; fileEncoding = 4; lastKnownFileType = sourcecode.swift; path = newBACButton.swift; sourceTree = "<group>"; };
		3D4DC39E1DD9263000FD6DC3 /* SearchVC.swift */ = {isa = PBXFileReference; fileEncoding = 4; lastKnownFileType = sourcecode.swift; path = SearchVC.swift; sourceTree = "<group>"; };
		3D4DC3A01DD9266200FD6DC3 /* CocktailTableVC.swift */ = {isa = PBXFileReference; fileEncoding = 4; lastKnownFileType = sourcecode.swift; path = CocktailTableVC.swift; sourceTree = "<group>"; };
		3D4DC3A21DD926B500FD6DC3 /* FriendTableVC.swift */ = {isa = PBXFileReference; fileEncoding = 4; lastKnownFileType = sourcecode.swift; path = FriendTableVC.swift; sourceTree = "<group>"; };
		3D4DC3A41DD926CD00FD6DC3 /* FriendCell.swift */ = {isa = PBXFileReference; fileEncoding = 4; lastKnownFileType = sourcecode.swift; path = FriendCell.swift; sourceTree = "<group>"; };
		3D4DC3A61DD926DA00FD6DC3 /* CocktailCell.swift */ = {isa = PBXFileReference; fileEncoding = 4; lastKnownFileType = sourcecode.swift; path = CocktailCell.swift; sourceTree = "<group>"; };
		3D4DC3AB1DD9275700FD6DC3 /* ManualAddVC.swift */ = {isa = PBXFileReference; fileEncoding = 4; lastKnownFileType = sourcecode.swift; path = ManualAddVC.swift; sourceTree = "<group>"; };
		3D4DC3AD1DD9279900FD6DC3 /* BACtrackVC.swift */ = {isa = PBXFileReference; fileEncoding = 4; lastKnownFileType = sourcecode.swift; path = BACtrackVC.swift; sourceTree = "<group>"; };
		3DADE0FF1DD96C3B0035AFD8 /* leftSegue.swift */ = {isa = PBXFileReference; fileEncoding = 4; lastKnownFileType = sourcecode.swift; path = leftSegue.swift; sourceTree = "<group>"; };
		3DADE1001DD96C3B0035AFD8 /* rightSegue.swift */ = {isa = PBXFileReference; fileEncoding = 4; lastKnownFileType = sourcecode.swift; path = rightSegue.swift; sourceTree = "<group>"; };
		3DCA43B31DD9670D00F78340 /* upSegue.swift */ = {isa = PBXFileReference; fileEncoding = 4; lastKnownFileType = sourcecode.swift; path = upSegue.swift; sourceTree = "<group>"; };
		3DCA43B51DD9671600F78340 /* downSegue.swift */ = {isa = PBXFileReference; fileEncoding = 4; lastKnownFileType = sourcecode.swift; path = downSegue.swift; sourceTree = "<group>"; };
		3DDEF7181DDBCC1A00C19A06 /* BAC.swift */ = {isa = PBXFileReference; fileEncoding = 4; lastKnownFileType = sourcecode.swift; path = BAC.swift; sourceTree = "<group>"; };
		E84916351DDB82090092A025 /* DrinkDetailsViewController.swift */ = {isa = PBXFileReference; fileEncoding = 4; lastKnownFileType = sourcecode.swift; path = DrinkDetailsViewController.swift; sourceTree = "<group>"; };
		E84916371DDC020F0092A025 /* FriendRepository.swift */ = {isa = PBXFileReference; fileEncoding = 4; lastKnownFileType = sourcecode.swift; path = FriendRepository.swift; sourceTree = "<group>"; };
		E84916391DDC02180092A025 /* FriendClass.swift */ = {isa = PBXFileReference; fileEncoding = 4; lastKnownFileType = sourcecode.swift; path = FriendClass.swift; sourceTree = "<group>"; };
		E849163B1DDC02270092A025 /* FriendVC.swift */ = {isa = PBXFileReference; fileEncoding = 4; lastKnownFileType = sourcecode.swift; path = FriendVC.swift; sourceTree = "<group>"; };
		E84916401DDC087E0092A025 /* drinks.swift */ = {isa = PBXFileReference; fileEncoding = 4; lastKnownFileType = sourcecode.swift; path = drinks.swift; sourceTree = "<group>"; };
		E84916421DDC0F5E0092A025 /* TestOperation.swift */ = {isa = PBXFileReference; fileEncoding = 4; lastKnownFileType = sourcecode.swift; path = TestOperation.swift; sourceTree = "<group>"; };
		E84916441DDC27370092A025 /* drinks.jpg */ = {isa = PBXFileReference; lastKnownFileType = image.jpeg; name = drinks.jpg; path = ../drinks.jpg; sourceTree = "<group>"; };
		E8E31BC61E08A6640059F085 /* DrewH.jpg */ = {isa = PBXFileReference; lastKnownFileType = image.jpeg; path = DrewH.jpg; sourceTree = "<group>"; };
		E8E31BC81E08A6740059F085 /* NateH.jpg */ = {isa = PBXFileReference; lastKnownFileType = image.jpeg; path = NateH.jpg; sourceTree = "<group>"; };
		E8E31BCA1E08A6900059F085 /* DanP.jpg */ = {isa = PBXFileReference; lastKnownFileType = image.jpeg; name = DanP.jpg; path = "icon Set/DanP.jpg"; sourceTree = "<group>"; };
		E8E31BCC1E08AA140059F085 /* drinkCalculation.swift */ = {isa = PBXFileReference; fileEncoding = 4; lastKnownFileType = sourcecode.swift; path = drinkCalculation.swift; sourceTree = "<group>"; };
/* End PBXFileReference section */

/* Begin PBXFrameworksBuildPhase section */
		3D4DC35E1DD6AFB100FD6DC3 /* Frameworks */ = {
			isa = PBXFrameworksBuildPhase;
			buildActionMask = 2147483647;
			files = (
			);
			runOnlyForDeploymentPostprocessing = 0;
		};
		3D4DC3721DD6AFB200FD6DC3 /* Frameworks */ = {
			isa = PBXFrameworksBuildPhase;
			buildActionMask = 2147483647;
			files = (
			);
			runOnlyForDeploymentPostprocessing = 0;
		};
		3D4DC37D1DD6AFB200FD6DC3 /* Frameworks */ = {
			isa = PBXFrameworksBuildPhase;
			buildActionMask = 2147483647;
			files = (
			);
			runOnlyForDeploymentPostprocessing = 0;
		};
/* End PBXFrameworksBuildPhase section */

/* Begin PBXGroup section */
		3D4DC3581DD6AFB100FD6DC3 = {
			isa = PBXGroup;
			children = (
				3D4DC3631DD6AFB200FD6DC3 /* sobac */,
				3D4DC3781DD6AFB200FD6DC3 /* sobacTests */,
				3D4DC3831DD6AFB200FD6DC3 /* sobacUITests */,
				3D4DC3621DD6AFB200FD6DC3 /* Products */,
			);
			sourceTree = "<group>";
		};
		3D4DC3621DD6AFB200FD6DC3 /* Products */ = {
			isa = PBXGroup;
			children = (
				3D4DC3611DD6AFB200FD6DC3 /* sobac.app */,
				3D4DC3751DD6AFB200FD6DC3 /* sobacTests.xctest */,
				3D4DC3801DD6AFB200FD6DC3 /* sobacUITests.xctest */,
			);
			name = Products;
			sourceTree = "<group>";
		};
		3D4DC3631DD6AFB200FD6DC3 /* sobac */ = {
			isa = PBXGroup;
			children = (
				3D3F52ED1E0480C300AC6391 /* icon Set */,
				E84916441DDC27370092A025 /* drinks.jpg */,
				E8E31BC81E08A6740059F085 /* NateH.jpg */,
				E8E31BCA1E08A6900059F085 /* DanP.jpg */,
				E8E31BC61E08A6640059F085 /* DrewH.jpg */,
				E849163F1DDC02850092A025 /* FriendView */,
				E849163D1DDC02330092A025 /* Repositories */,
				3DCA43B21DD9586700F78340 /* FrontPage */,
				3DCA43B11DD9584D00F78340 /* CustomElements */,
				3D4DC3AA1DD9272700FD6DC3 /* BACCalcView */,
				3D4DC39D1DD9251900FD6DC3 /* cocktailTable */,
				3D4DC39C1DD9250400FD6DC3 /* friendTable */,
				3D4DC3641DD6AFB200FD6DC3 /* AppDelegate.swift */,
				3D4DC3681DD6AFB200FD6DC3 /* Main.storyboard */,
				3D4DC36B1DD6AFB200FD6DC3 /* Assets.xcassets */,
				3D4DC36D1DD6AFB200FD6DC3 /* LaunchScreen.storyboard */,
				E8E31BCC1E08AA140059F085 /* drinkCalculation.swift */,
				3D4DC3701DD6AFB200FD6DC3 /* Info.plist */,
			);
			path = sobac;
			sourceTree = "<group>";
		};
		3D4DC3781DD6AFB200FD6DC3 /* sobacTests */ = {
			isa = PBXGroup;
			children = (
				3D4DC3791DD6AFB200FD6DC3 /* sobacTests.swift */,
				3D4DC37B1DD6AFB200FD6DC3 /* Info.plist */,
			);
			path = sobacTests;
			sourceTree = "<group>";
		};
		3D4DC3831DD6AFB200FD6DC3 /* sobacUITests */ = {
			isa = PBXGroup;
			children = (
				3D4DC3841DD6AFB200FD6DC3 /* sobacUITests.swift */,
				3D4DC3861DD6AFB200FD6DC3 /* Info.plist */,
			);
			path = sobacUITests;
			sourceTree = "<group>";
		};
		3D4DC39C1DD9250400FD6DC3 /* friendTable */ = {
			isa = PBXGroup;
			children = (
				E84916391DDC02180092A025 /* FriendClass.swift */,
				3D4DC3A21DD926B500FD6DC3 /* FriendTableVC.swift */,
				3D4DC3A41DD926CD00FD6DC3 /* FriendCell.swift */,
			);
			name = friendTable;
			sourceTree = "<group>";
		};
		3D4DC39D1DD9251900FD6DC3 /* cocktailTable */ = {
			isa = PBXGroup;
			children = (
				3D4DC39E1DD9263000FD6DC3 /* SearchVC.swift */,
				3D4DC3A01DD9266200FD6DC3 /* CocktailTableVC.swift */,
				E84916421DDC0F5E0092A025 /* TestOperation.swift */,
				E84916401DDC087E0092A025 /* drinks.swift */,
				3D4DC3A61DD926DA00FD6DC3 /* CocktailCell.swift */,
				E84916351DDB82090092A025 /* DrinkDetailsViewController.swift */,
			);
			name = cocktailTable;
			sourceTree = "<group>";
		};
		3D4DC3AA1DD9272700FD6DC3 /* BACCalcView */ = {
			isa = PBXGroup;
			children = (
				3D4DC3AB1DD9275700FD6DC3 /* ManualAddVC.swift */,
				3D4DC3AD1DD9279900FD6DC3 /* BACtrackVC.swift */,
				3DDEF7181DDBCC1A00C19A06 /* BAC.swift */,
				3D1C1A9B1DDD48960095E2A9 /* bacKVO.swift */,
			);
			name = BACCalcView;
			sourceTree = "<group>";
		};
		3DCA43B11DD9584D00F78340 /* CustomElements */ = {
			isa = PBXGroup;
			children = (
				3DADE0FF1DD96C3B0035AFD8 /* leftSegue.swift */,
				3DADE1001DD96C3B0035AFD8 /* rightSegue.swift */,
				3DCA43B31DD9670D00F78340 /* upSegue.swift */,
				3DCA43B51DD9671600F78340 /* downSegue.swift */,
			);
			name = CustomElements;
			sourceTree = "<group>";
		};
		3DCA43B21DD9586700F78340 /* FrontPage */ = {
			isa = PBXGroup;
			children = (
				3D4DC3921DD6B03300FD6DC3 /* CircleProgressView.swift */,
				3D4DC39A1DD90AB100FD6DC3 /* newBACButton.swift */,
				3D4DC3941DD6BEBA00FD6DC3 /* frontVC.swift */,
				3D2026D91DDBA4B2003987B4 /* SettingsVC.swift */,
			);
			name = FrontPage;
			sourceTree = "<group>";
		};
		E849163D1DDC02330092A025 /* Repositories */ = {
			isa = PBXGroup;
			children = (
				E84916371DDC020F0092A025 /* FriendRepository.swift */,
			);
			name = Repositories;
			sourceTree = "<group>";
		};
		E849163F1DDC02850092A025 /* FriendView */ = {
			isa = PBXGroup;
			children = (
				E849163B1DDC02270092A025 /* FriendVC.swift */,
			);
			name = FriendView;
			sourceTree = "<group>";
		};
/* End PBXGroup section */

/* Begin PBXNativeTarget section */
		3D4DC3601DD6AFB100FD6DC3 /* sobac */ = {
			isa = PBXNativeTarget;
			buildConfigurationList = 3D4DC3891DD6AFB200FD6DC3 /* Build configuration list for PBXNativeTarget "sobac" */;
			buildPhases = (
				3D4DC35D1DD6AFB100FD6DC3 /* Sources */,
				3D4DC35E1DD6AFB100FD6DC3 /* Frameworks */,
				3D4DC35F1DD6AFB100FD6DC3 /* Resources */,
			);
			buildRules = (
			);
			dependencies = (
			);
			name = sobac;
			productName = sobac;
			productReference = 3D4DC3611DD6AFB200FD6DC3 /* sobac.app */;
			productType = "com.apple.product-type.application";
		};
		3D4DC3741DD6AFB200FD6DC3 /* sobacTests */ = {
			isa = PBXNativeTarget;
			buildConfigurationList = 3D4DC38C1DD6AFB200FD6DC3 /* Build configuration list for PBXNativeTarget "sobacTests" */;
			buildPhases = (
				3D4DC3711DD6AFB200FD6DC3 /* Sources */,
				3D4DC3721DD6AFB200FD6DC3 /* Frameworks */,
				3D4DC3731DD6AFB200FD6DC3 /* Resources */,
			);
			buildRules = (
			);
			dependencies = (
				3D4DC3771DD6AFB200FD6DC3 /* PBXTargetDependency */,
			);
			name = sobacTests;
			productName = sobacTests;
			productReference = 3D4DC3751DD6AFB200FD6DC3 /* sobacTests.xctest */;
			productType = "com.apple.product-type.bundle.unit-test";
		};
		3D4DC37F1DD6AFB200FD6DC3 /* sobacUITests */ = {
			isa = PBXNativeTarget;
			buildConfigurationList = 3D4DC38F1DD6AFB200FD6DC3 /* Build configuration list for PBXNativeTarget "sobacUITests" */;
			buildPhases = (
				3D4DC37C1DD6AFB200FD6DC3 /* Sources */,
				3D4DC37D1DD6AFB200FD6DC3 /* Frameworks */,
				3D4DC37E1DD6AFB200FD6DC3 /* Resources */,
			);
			buildRules = (
			);
			dependencies = (
				3D4DC3821DD6AFB200FD6DC3 /* PBXTargetDependency */,
			);
			name = sobacUITests;
			productName = sobacUITests;
			productReference = 3D4DC3801DD6AFB200FD6DC3 /* sobacUITests.xctest */;
			productType = "com.apple.product-type.bundle.ui-testing";
		};
/* End PBXNativeTarget section */

/* Begin PBXProject section */
		3D4DC3591DD6AFB100FD6DC3 /* Project object */ = {
			isa = PBXProject;
			attributes = {
				LastSwiftUpdateCheck = 0810;
				LastUpgradeCheck = 0810;
				ORGANIZATIONNAME = "Daniel Porter";
				TargetAttributes = {
					3D4DC3601DD6AFB100FD6DC3 = {
						CreatedOnToolsVersion = 8.1;
						DevelopmentTeam = 8Z3939H5C3;
						ProvisioningStyle = Automatic;
					};
					3D4DC3741DD6AFB200FD6DC3 = {
						CreatedOnToolsVersion = 8.1;
						ProvisioningStyle = Automatic;
						TestTargetID = 3D4DC3601DD6AFB100FD6DC3;
					};
					3D4DC37F1DD6AFB200FD6DC3 = {
						CreatedOnToolsVersion = 8.1;
						DevelopmentTeam = 8Z3939H5C3;
						ProvisioningStyle = Automatic;
						TestTargetID = 3D4DC3601DD6AFB100FD6DC3;
					};
				};
			};
			buildConfigurationList = 3D4DC35C1DD6AFB100FD6DC3 /* Build configuration list for PBXProject "sobac" */;
			compatibilityVersion = "Xcode 3.2";
			developmentRegion = English;
			hasScannedForEncodings = 0;
			knownRegions = (
				en,
				Base,
			);
			mainGroup = 3D4DC3581DD6AFB100FD6DC3;
			productRefGroup = 3D4DC3621DD6AFB200FD6DC3 /* Products */;
			projectDirPath = "";
			projectRoot = "";
			targets = (
				3D4DC3601DD6AFB100FD6DC3 /* sobac */,
				3D4DC3741DD6AFB200FD6DC3 /* sobacTests */,
				3D4DC37F1DD6AFB200FD6DC3 /* sobacUITests */,
			);
		};
/* End PBXProject section */

/* Begin PBXResourcesBuildPhase section */
		3D4DC35F1DD6AFB100FD6DC3 /* Resources */ = {
			isa = PBXResourcesBuildPhase;
			buildActionMask = 2147483647;
			files = (
				3D3F52EE1E0480C300AC6391 /* icon Set in Resources */,
				E84916451DDC27370092A025 /* drinks.jpg in Resources */,
				E8E31BCB1E08A6900059F085 /* DanP.jpg in Resources */,
				E8E31BC71E08A6640059F085 /* DrewH.jpg in Resources */,
				3D4DC36F1DD6AFB200FD6DC3 /* LaunchScreen.storyboard in Resources */,
				3D4DC36C1DD6AFB200FD6DC3 /* Assets.xcassets in Resources */,
				E8E31BC91E08A6740059F085 /* NateH.jpg in Resources */,
				3D4DC36A1DD6AFB200FD6DC3 /* Main.storyboard in Resources */,
			);
			runOnlyForDeploymentPostprocessing = 0;
		};
		3D4DC3731DD6AFB200FD6DC3 /* Resources */ = {
			isa = PBXResourcesBuildPhase;
			buildActionMask = 2147483647;
			files = (
			);
			runOnlyForDeploymentPostprocessing = 0;
		};
		3D4DC37E1DD6AFB200FD6DC3 /* Resources */ = {
			isa = PBXResourcesBuildPhase;
			buildActionMask = 2147483647;
			files = (
			);
			runOnlyForDeploymentPostprocessing = 0;
		};
/* End PBXResourcesBuildPhase section */

/* Begin PBXSourcesBuildPhase section */
		3D4DC35D1DD6AFB100FD6DC3 /* Sources */ = {
			isa = PBXSourcesBuildPhase;
			buildActionMask = 2147483647;
			files = (
				E84916361DDB82090092A025 /* DrinkDetailsViewController.swift in Sources */,
				3D4DC3651DD6AFB200FD6DC3 /* AppDelegate.swift in Sources */,
				E84916431DDC0F5E0092A025 /* TestOperation.swift in Sources */,
				E84916411DDC087E0092A025 /* drinks.swift in Sources */,
				3D4DC39F1DD9263000FD6DC3 /* SearchVC.swift in Sources */,
				3D1C1A9C1DDD48960095E2A9 /* bacKVO.swift in Sources */,
				3D4DC3A31DD926B500FD6DC3 /* FriendTableVC.swift in Sources */,
				3D4DC3A51DD926CD00FD6DC3 /* FriendCell.swift in Sources */,
				E8E31BCD1E08AA140059F085 /* drinkCalculation.swift in Sources */,
				3DCA43B41DD9670D00F78340 /* upSegue.swift in Sources */,
				E849163C1DDC02270092A025 /* FriendVC.swift in Sources */,
				E849163A1DDC02180092A025 /* FriendClass.swift in Sources */,
				3D2026DA1DDBA4B2003987B4 /* SettingsVC.swift in Sources */,
				3D4DC3AE1DD9279900FD6DC3 /* BACtrackVC.swift in Sources */,
				3D4DC3951DD6BEBA00FD6DC3 /* frontVC.swift in Sources */,
				3DCA43B61DD9671600F78340 /* downSegue.swift in Sources */,
				3DADE1011DD96C3B0035AFD8 /* leftSegue.swift in Sources */,
				3D4DC3A11DD9266200FD6DC3 /* CocktailTableVC.swift in Sources */,
				3DADE1021DD96C3B0035AFD8 /* rightSegue.swift in Sources */,
				3D4DC3AC1DD9275700FD6DC3 /* ManualAddVC.swift in Sources */,
				3DDEF7191DDBCC1A00C19A06 /* BAC.swift in Sources */,
				3D4DC39B1DD90AB100FD6DC3 /* newBACButton.swift in Sources */,
				E84916381DDC020F0092A025 /* FriendRepository.swift in Sources */,
				3D4DC3931DD6B03300FD6DC3 /* CircleProgressView.swift in Sources */,
				3D4DC3A71DD926DA00FD6DC3 /* CocktailCell.swift in Sources */,
			);
			runOnlyForDeploymentPostprocessing = 0;
		};
		3D4DC3711DD6AFB200FD6DC3 /* Sources */ = {
			isa = PBXSourcesBuildPhase;
			buildActionMask = 2147483647;
			files = (
				3D4DC37A1DD6AFB200FD6DC3 /* sobacTests.swift in Sources */,
			);
			runOnlyForDeploymentPostprocessing = 0;
		};
		3D4DC37C1DD6AFB200FD6DC3 /* Sources */ = {
			isa = PBXSourcesBuildPhase;
			buildActionMask = 2147483647;
			files = (
				3D4DC3851DD6AFB200FD6DC3 /* sobacUITests.swift in Sources */,
			);
			runOnlyForDeploymentPostprocessing = 0;
		};
/* End PBXSourcesBuildPhase section */

/* Begin PBXTargetDependency section */
		3D4DC3771DD6AFB200FD6DC3 /* PBXTargetDependency */ = {
			isa = PBXTargetDependency;
			target = 3D4DC3601DD6AFB100FD6DC3 /* sobac */;
			targetProxy = 3D4DC3761DD6AFB200FD6DC3 /* PBXContainerItemProxy */;
		};
		3D4DC3821DD6AFB200FD6DC3 /* PBXTargetDependency */ = {
			isa = PBXTargetDependency;
			target = 3D4DC3601DD6AFB100FD6DC3 /* sobac */;
			targetProxy = 3D4DC3811DD6AFB200FD6DC3 /* PBXContainerItemProxy */;
		};
/* End PBXTargetDependency section */

/* Begin PBXVariantGroup section */
		3D4DC3681DD6AFB200FD6DC3 /* Main.storyboard */ = {
			isa = PBXVariantGroup;
			children = (
				3D4DC3691DD6AFB200FD6DC3 /* Base */,
			);
			name = Main.storyboard;
			sourceTree = "<group>";
		};
		3D4DC36D1DD6AFB200FD6DC3 /* LaunchScreen.storyboard */ = {
			isa = PBXVariantGroup;
			children = (
				3D4DC36E1DD6AFB200FD6DC3 /* Base */,
			);
			name = LaunchScreen.storyboard;
			sourceTree = "<group>";
		};
/* End PBXVariantGroup section */

/* Begin XCBuildConfiguration section */
		3D4DC3871DD6AFB200FD6DC3 /* Debug */ = {
			isa = XCBuildConfiguration;
			buildSettings = {
				ALWAYS_SEARCH_USER_PATHS = NO;
				CLANG_ANALYZER_NONNULL = YES;
				CLANG_CXX_LANGUAGE_STANDARD = "gnu++0x";
				CLANG_CXX_LIBRARY = "libc++";
				CLANG_ENABLE_MODULES = YES;
				CLANG_ENABLE_OBJC_ARC = YES;
				CLANG_WARN_BOOL_CONVERSION = YES;
				CLANG_WARN_CONSTANT_CONVERSION = YES;
				CLANG_WARN_DIRECT_OBJC_ISA_USAGE = YES_ERROR;
				CLANG_WARN_DOCUMENTATION_COMMENTS = YES;
				CLANG_WARN_EMPTY_BODY = YES;
				CLANG_WARN_ENUM_CONVERSION = YES;
				CLANG_WARN_INFINITE_RECURSION = YES;
				CLANG_WARN_INT_CONVERSION = YES;
				CLANG_WARN_OBJC_ROOT_CLASS = YES_ERROR;
				CLANG_WARN_SUSPICIOUS_MOVES = YES;
				CLANG_WARN_UNREACHABLE_CODE = YES;
				CLANG_WARN__DUPLICATE_METHOD_MATCH = YES;
				"CODE_SIGN_IDENTITY[sdk=iphoneos*]" = "iPhone Developer";
				COPY_PHASE_STRIP = NO;
				DEBUG_INFORMATION_FORMAT = dwarf;
				ENABLE_STRICT_OBJC_MSGSEND = YES;
				ENABLE_TESTABILITY = YES;
				GCC_C_LANGUAGE_STANDARD = gnu99;
				GCC_DYNAMIC_NO_PIC = NO;
				GCC_NO_COMMON_BLOCKS = YES;
				GCC_OPTIMIZATION_LEVEL = 0;
				GCC_PREPROCESSOR_DEFINITIONS = (
					"DEBUG=1",
					"$(inherited)",
				);
				GCC_WARN_64_TO_32_BIT_CONVERSION = YES;
				GCC_WARN_ABOUT_RETURN_TYPE = YES_ERROR;
				GCC_WARN_UNDECLARED_SELECTOR = YES;
				GCC_WARN_UNINITIALIZED_AUTOS = YES_AGGRESSIVE;
				GCC_WARN_UNUSED_FUNCTION = YES;
				GCC_WARN_UNUSED_VARIABLE = YES;
				IPHONEOS_DEPLOYMENT_TARGET = 10.1;
				MTL_ENABLE_DEBUG_INFO = YES;
				ONLY_ACTIVE_ARCH = YES;
				SDKROOT = iphoneos;
				SWIFT_ACTIVE_COMPILATION_CONDITIONS = DEBUG;
				SWIFT_OPTIMIZATION_LEVEL = "-Onone";
				TARGETED_DEVICE_FAMILY = "1,2";
			};
			name = Debug;
		};
		3D4DC3881DD6AFB200FD6DC3 /* Release */ = {
			isa = XCBuildConfiguration;
			buildSettings = {
				ALWAYS_SEARCH_USER_PATHS = NO;
				CLANG_ANALYZER_NONNULL = YES;
				CLANG_CXX_LANGUAGE_STANDARD = "gnu++0x";
				CLANG_CXX_LIBRARY = "libc++";
				CLANG_ENABLE_MODULES = YES;
				CLANG_ENABLE_OBJC_ARC = YES;
				CLANG_WARN_BOOL_CONVERSION = YES;
				CLANG_WARN_CONSTANT_CONVERSION = YES;
				CLANG_WARN_DIRECT_OBJC_ISA_USAGE = YES_ERROR;
				CLANG_WARN_DOCUMENTATION_COMMENTS = YES;
				CLANG_WARN_EMPTY_BODY = YES;
				CLANG_WARN_ENUM_CONVERSION = YES;
				CLANG_WARN_INFINITE_RECURSION = YES;
				CLANG_WARN_INT_CONVERSION = YES;
				CLANG_WARN_OBJC_ROOT_CLASS = YES_ERROR;
				CLANG_WARN_SUSPICIOUS_MOVES = YES;
				CLANG_WARN_UNREACHABLE_CODE = YES;
				CLANG_WARN__DUPLICATE_METHOD_MATCH = YES;
				"CODE_SIGN_IDENTITY[sdk=iphoneos*]" = "iPhone Developer";
				COPY_PHASE_STRIP = NO;
				DEBUG_INFORMATION_FORMAT = "dwarf-with-dsym";
				ENABLE_NS_ASSERTIONS = NO;
				ENABLE_STRICT_OBJC_MSGSEND = YES;
				GCC_C_LANGUAGE_STANDARD = gnu99;
				GCC_NO_COMMON_BLOCKS = YES;
				GCC_WARN_64_TO_32_BIT_CONVERSION = YES;
				GCC_WARN_ABOUT_RETURN_TYPE = YES_ERROR;
				GCC_WARN_UNDECLARED_SELECTOR = YES;
				GCC_WARN_UNINITIALIZED_AUTOS = YES_AGGRESSIVE;
				GCC_WARN_UNUSED_FUNCTION = YES;
				GCC_WARN_UNUSED_VARIABLE = YES;
				IPHONEOS_DEPLOYMENT_TARGET = 10.1;
				MTL_ENABLE_DEBUG_INFO = NO;
				SDKROOT = iphoneos;
				SWIFT_OPTIMIZATION_LEVEL = "-Owholemodule";
				TARGETED_DEVICE_FAMILY = "1,2";
				VALIDATE_PRODUCT = YES;
			};
			name = Release;
		};
		3D4DC38A1DD6AFB200FD6DC3 /* Debug */ = {
			isa = XCBuildConfiguration;
			buildSettings = {
				ASSETCATALOG_COMPILER_APPICON_NAME = AppIcon;
				DEVELOPMENT_TEAM = 8Z3939H5C3;
				INFOPLIST_FILE = sobac/Info.plist;
				IPHONEOS_DEPLOYMENT_TARGET = 10.1;
				LD_RUNPATH_SEARCH_PATHS = "$(inherited) @executable_path/Frameworks";
				PRODUCT_BUNDLE_IDENTIFIER = PorterDJ1.sobac;
				PRODUCT_NAME = "$(TARGET_NAME)";
				SWIFT_VERSION = 3.0;
			};
			name = Debug;
		};
		3D4DC38B1DD6AFB200FD6DC3 /* Release */ = {
			isa = XCBuildConfiguration;
			buildSettings = {
				ASSETCATALOG_COMPILER_APPICON_NAME = AppIcon;
				DEVELOPMENT_TEAM = 8Z3939H5C3;
				INFOPLIST_FILE = sobac/Info.plist;
				IPHONEOS_DEPLOYMENT_TARGET = 10.1;
				LD_RUNPATH_SEARCH_PATHS = "$(inherited) @executable_path/Frameworks";
				PRODUCT_BUNDLE_IDENTIFIER = PorterDJ1.sobac;
				PRODUCT_NAME = "$(TARGET_NAME)";
				SWIFT_VERSION = 3.0;
			};
			name = Release;
		};
		3D4DC38D1DD6AFB200FD6DC3 /* Debug */ = {
			isa = XCBuildConfiguration;
			buildSettings = {
				ALWAYS_EMBED_SWIFT_STANDARD_LIBRARIES = YES;
				BUNDLE_LOADER = "$(TEST_HOST)";
				INFOPLIST_FILE = sobacTests/Info.plist;
				IPHONEOS_DEPLOYMENT_TARGET = 10.0;
				LD_RUNPATH_SEARCH_PATHS = "$(inherited) @executable_path/Frameworks @loader_path/Frameworks";
				PRODUCT_BUNDLE_IDENTIFIER = PorterDJ1.sobacTests;
				PRODUCT_NAME = "$(TARGET_NAME)";
				SWIFT_VERSION = 3.0;
				TEST_HOST = "$(BUILT_PRODUCTS_DIR)/sobac.app/sobac";
			};
			name = Debug;
		};
		3D4DC38E1DD6AFB200FD6DC3 /* Release */ = {
			isa = XCBuildConfiguration;
			buildSettings = {
				ALWAYS_EMBED_SWIFT_STANDARD_LIBRARIES = YES;
				BUNDLE_LOADER = "$(TEST_HOST)";
				INFOPLIST_FILE = sobacTests/Info.plist;
				IPHONEOS_DEPLOYMENT_TARGET = 10.0;
				LD_RUNPATH_SEARCH_PATHS = "$(inherited) @executable_path/Frameworks @loader_path/Frameworks";
				PRODUCT_BUNDLE_IDENTIFIER = PorterDJ1.sobacTests;
				PRODUCT_NAME = "$(TARGET_NAME)";
				SWIFT_VERSION = 3.0;
				TEST_HOST = "$(BUILT_PRODUCTS_DIR)/sobac.app/sobac";
			};
			name = Release;
		};
		3D4DC3901DD6AFB200FD6DC3 /* Debug */ = {
			isa = XCBuildConfiguration;
			buildSettings = {
				ALWAYS_EMBED_SWIFT_STANDARD_LIBRARIES = YES;
				DEVELOPMENT_TEAM = 8Z3939H5C3;
				INFOPLIST_FILE = sobacUITests/Info.plist;
				IPHONEOS_DEPLOYMENT_TARGET = 10.1;
				LD_RUNPATH_SEARCH_PATHS = "$(inherited) @executable_path/Frameworks @loader_path/Frameworks";
				PRODUCT_BUNDLE_IDENTIFIER = PorterDJ1.sobacUITests;
				PRODUCT_NAME = "$(TARGET_NAME)";
				SWIFT_VERSION = 3.0;
				TEST_TARGET_NAME = sobac;
			};
			name = Debug;
		};
		3D4DC3911DD6AFB200FD6DC3 /* Release */ = {
			isa = XCBuildConfiguration;
			buildSettings = {
				ALWAYS_EMBED_SWIFT_STANDARD_LIBRARIES = YES;
				DEVELOPMENT_TEAM = 8Z3939H5C3;
				INFOPLIST_FILE = sobacUITests/Info.plist;
				IPHONEOS_DEPLOYMENT_TARGET = 10.1;
				LD_RUNPATH_SEARCH_PATHS = "$(inherited) @executable_path/Frameworks @loader_path/Frameworks";
				PRODUCT_BUNDLE_IDENTIFIER = PorterDJ1.sobacUITests;
				PRODUCT_NAME = "$(TARGET_NAME)";
				SWIFT_VERSION = 3.0;
				TEST_TARGET_NAME = sobac;
			};
			name = Release;
		};
/* End XCBuildConfiguration section */

/* Begin XCConfigurationList section */
		3D4DC35C1DD6AFB100FD6DC3 /* Build configuration list for PBXProject "sobac" */ = {
			isa = XCConfigurationList;
			buildConfigurations = (
				3D4DC3871DD6AFB200FD6DC3 /* Debug */,
				3D4DC3881DD6AFB200FD6DC3 /* Release */,
			);
			defaultConfigurationIsVisible = 0;
			defaultConfigurationName = Release;
		};
		3D4DC3891DD6AFB200FD6DC3 /* Build configuration list for PBXNativeTarget "sobac" */ = {
			isa = XCConfigurationList;
			buildConfigurations = (
				3D4DC38A1DD6AFB200FD6DC3 /* Debug */,
				3D4DC38B1DD6AFB200FD6DC3 /* Release */,
			);
			defaultConfigurationIsVisible = 0;
			defaultConfigurationName = Release;
		};
		3D4DC38C1DD6AFB200FD6DC3 /* Build configuration list for PBXNativeTarget "sobacTests" */ = {
			isa = XCConfigurationList;
			buildConfigurations = (
				3D4DC38D1DD6AFB200FD6DC3 /* Debug */,
				3D4DC38E1DD6AFB200FD6DC3 /* Release */,
			);
			defaultConfigurationIsVisible = 0;
			defaultConfigurationName = Release;
		};
		3D4DC38F1DD6AFB200FD6DC3 /* Build configuration list for PBXNativeTarget "sobacUITests" */ = {
			isa = XCConfigurationList;
			buildConfigurations = (
				3D4DC3901DD6AFB200FD6DC3 /* Debug */,
				3D4DC3911DD6AFB200FD6DC3 /* Release */,
			);
			defaultConfigurationIsVisible = 0;
			defaultConfigurationName = Release;
		};
/* End XCConfigurationList section */
	};
	rootObject = 3D4DC3591DD6AFB100FD6DC3 /* Project object */;
}
